Microsoft Visual Studio Solution File, Format Version 12.00
# Visual Studio 2012
Project("{FAE04EC0-301F-11D3-BF4B-00C04F79EFBC}") = "Tower of Spite", "Tower of Spite.csproj", "{90EC4FC4-12CA-4A57-9FB3-C8344B5E3FE0}"
EndProject
Global
	GlobalSection(SolutionConfigurationPlatforms) = preSolution
	Debug|Any CPU = Debug|Any CPU
	ExportDebug|Any CPU = ExportDebug|Any CPU
	ExportRelease|Any CPU = ExportRelease|Any CPU
	EndGlobalSection
	GlobalSection(ProjectConfigurationPlatforms) = postSolution
		{90EC4FC4-12CA-4A57-9FB3-C8344B5E3FE0}.Debug|Any CPU.ActiveCfg = Debug|Any CPU
		{90EC4FC4-12CA-4A57-9FB3-C8344B5E3FE0}.Debug|Any CPU.Build.0 = Debug|Any CPU
		{90EC4FC4-12CA-4A57-9FB3-C8344B5E3FE0}.ExportDebug|Any CPU.ActiveCfg = ExportDebug|Any CPU
		{90EC4FC4-12CA-4A57-9FB3-C8344B5E3FE0}.ExportDebug|Any CPU.Build.0 = ExportDebug|Any CPU
		{90EC4FC4-12CA-4A57-9FB3-C8344B5E3FE0}.ExportRelease|Any CPU.ActiveCfg = ExportRelease|Any CPU
		{90EC4FC4-12CA-4A57-9FB3-C8344B5E3FE0}.ExportRelease|Any CPU.Build.0 = ExportRelease|Any CPU
	EndGlobalSection
EndGlobal
